
Microsoft Visual Studio Solution File, Format Version 12.00
# Visual Studio Version 17
VisualStudioVersion = 17.9.34607.119
MinimumVisualStudioVersion = 10.0.40219.1
Project("{FAE04EC0-301F-11D3-BF4B-00C04F79EFBC}") = "App1", "App1.csproj", "{39C1FD43-6875-4EBA-9262-532EC16E7518}"
EndProject
Global
	GlobalSection(SolutionConfigurationPlatforms) = preSolution
		Debug|ARM = Debug|ARM
		Debug|ARM64 = Debug|ARM64
		Debug|x64 = Debug|x64
		Debug|x86 = Debug|x86
		Release|ARM = Release|ARM
		Release|ARM64 = Release|ARM64
		Release|x64 = Release|x64
		Release|x86 = Release|x86
	EndGlobalSection
	GlobalSection(ProjectConfigurationPlatforms) = postSolution
		{39C1FD43-6875-4EBA-9262-532EC16E7518}.Debug|ARM.ActiveCfg = Debug|ARM
		{39C1FD43-6875-4EBA-9262-532EC16E7518}.Debug|ARM.Build.0 = Debug|ARM
		{39C1FD43-6875-4EBA-9262-532EC16E7518}.Debug|ARM.Deploy.0 = Debug|ARM
		{39C1FD43-6875-4EBA-9262-532EC16E7518}.Debug|ARM64.ActiveCfg = Debug|ARM64
		{39C1FD43-6875-4EBA-9262-532EC16E7518}.Debug|ARM64.Build.0 = Debug|ARM64
		{39C1FD43-6875-4EBA-9262-532EC16E7518}.Debug|ARM64.Deploy.0 = Debug|ARM64
		{39C1FD43-6875-4EBA-9262-532EC16E7518}.Debug|x64.ActiveCfg = Debug|x64
		{39C1FD43-6875-4EBA-9262-532EC16E7518}.Debug|x64.Build.0 = Debug|x64
		{39C1FD43-6875-4EBA-9262-532EC16E7518}.Debug|x64.Deploy.0 = Debug|x64
		{39C1FD43-6875-4EBA-9262-532EC16E7518}.Debug|x86.ActiveCfg = Debug|x86
		{39C1FD43-6875-4EBA-9262-532EC16E7518}.Debug|x86.Build.0 = Debug|x86
		{39C1FD43-6875-4EBA-9262-532EC16E7518}.Debug|x86.Deploy.0 = Debug|x86
		{39C1FD43-6875-4EBA-9262-532EC16E7518}.Release|ARM.ActiveCfg = Release|ARM
		{39C1FD43-6875-4EBA-9262-532EC16E7518}.Release|ARM.Build.0 = Release|ARM
		{39C1FD43-6875-4EBA-9262-532EC16E7518}.Release|ARM.Deploy.0 = Release|ARM
		{39C1FD43-6875-4EBA-9262-532EC16E7518}.Release|ARM64.ActiveCfg = Release|ARM64
		{39C1FD43-6875-4EBA-9262-532EC16E7518}.Release|ARM64.Build.0 = Release|ARM64
		{39C1FD43-6875-4EBA-9262-532EC16E7518}.Release|ARM64.Deploy.0 = Release|ARM64
		{39C1FD43-6875-4EBA-9262-532EC16E7518}.Release|x64.ActiveCfg = Release|x64
		{39C1FD43-6875-4EBA-9262-532EC16E7518}.Release|x64.Build.0 = Release|x64
		{39C1FD43-6875-4EBA-9262-532EC16E7518}.Release|x64.Deploy.0 = Release|x64
		{39C1FD43-6875-4EBA-9262-532EC16E7518}.Release|x86.ActiveCfg = Release|x86
		{39C1FD43-6875-4EBA-9262-532EC16E7518}.Release|x86.Build.0 = Release|x86
		{39C1FD43-6875-4EBA-9262-532EC16E7518}.Release|x86.Deploy.0 = Release|x86
	EndGlobalSection
	GlobalSection(SolutionProperties) = preSolution
		HideSolutionNode = FALSE
	EndGlobalSection
	GlobalSection(ExtensibilityGlobals) = postSolution
		SolutionGuid = {B31D1EDB-B98E-4CEE-A698-B31A1A2ED4BF}
	EndGlobalSection
EndGlobal
